// !$*UTF8*$!
{
	archiveVersion = 1;
	classes = {
	};
	objectVersion = 56;
	objects = {

/* Begin PBXBuildFile section */
		8A0CC7AE2DB307130014320F /* TvMazeShowsSuccessful.json in Resources */ = {isa = PBXBuildFile; fileRef = 8A0CC7AC2DB307130014320F /* TvMazeShowsSuccessful.json */; };
		8A0CC7AF2DB307130014320F /* TvMazeEpisodesSuccessful.json in Resources */ = {isa = PBXBuildFile; fileRef = 8A0CC7AD2DB307130014320F /* TvMazeEpisodesSuccessful.json */; };
		8A0CC7B12DB311600014320F /* TvMazeSeason.swift in Sources */ = {isa = PBXBuildFile; fileRef = 8A0CC7B02DB311600014320F /* TvMazeSeason.swift */; };
		8A0CC7B32DB312420014320F /* TvMazeSeasonsSuccessful.json in Resources */ = {isa = PBXBuildFile; fileRef = 8A0CC7B22DB312420014320F /* TvMazeSeasonsSuccessful.json */; };
		8A0CC7B52DB315460014320F /* TvMaseSeasonEpisodes.swift in Sources */ = {isa = PBXBuildFile; fileRef = 8A0CC7B42DB315450014320F /* TvMaseSeasonEpisodes.swift */; };
		8A0CC7B82DB322AE0014320F /* ShowEpisodesView.swift in Sources */ = {isa = PBXBuildFile; fileRef = 8A0CC7B72DB322AE0014320F /* ShowEpisodesView.swift */; };
		8A0CC7BA2DB322BA0014320F /* ShowEpisodesViewModel.swift in Sources */ = {isa = PBXBuildFile; fileRef = 8A0CC7B92DB322BA0014320F /* ShowEpisodesViewModel.swift */; };
		8A0CC7BF2DB3287D0014320F /* EpisodeDetailsView.swift in Sources */ = {isa = PBXBuildFile; fileRef = 8A0CC7BE2DB3287D0014320F /* EpisodeDetailsView.swift */; };
		8A0CC7C12DB332F00014320F /* SearchTvMazeShow.swift in Sources */ = {isa = PBXBuildFile; fileRef = 8A0CC7C02DB332F00014320F /* SearchTvMazeShow.swift */; };
		8A0CC7C42DB33A6A0014320F /* String+HTML.swift in Sources */ = {isa = PBXBuildFile; fileRef = 8A0CC7C32DB33A690014320F /* String+HTML.swift */; };
		8A0CC7C72DB33C760014320F /* CachedAsyncImage.swift in Sources */ = {isa = PBXBuildFile; fileRef = 8A0CC7C62DB33C760014320F /* CachedAsyncImage.swift */; };
		8A0CC7CA2DB33E1E0014320F /* ImageCache.swift in Sources */ = {isa = PBXBuildFile; fileRef = 8A0CC7C92DB33E1E0014320F /* ImageCache.swift */; };
		8A0CC7CD2DB3510B0014320F /* Coordinator.swift in Sources */ = {isa = PBXBuildFile; fileRef = 8A0CC7CC2DB3510B0014320F /* Coordinator.swift */; };
		8A0CC7CF2DB351250014320F /* ShowCoordinator.swift in Sources */ = {isa = PBXBuildFile; fileRef = 8A0CC7CE2DB351250014320F /* ShowCoordinator.swift */; };
		8A0CC7D32DB351F50014320F /* NavigationSetupModifier.swift in Sources */ = {isa = PBXBuildFile; fileRef = 8A0CC7D22DB351F50014320F /* NavigationSetupModifier.swift */; };
		8A0CC7D62DB3627B0014320F /* FavoritesView.swift in Sources */ = {isa = PBXBuildFile; fileRef = 8A0CC7D52DB3627B0014320F /* FavoritesView.swift */; };
		8A67EEDA2DB3066A0090F187 /* TvMazeStore.swift in Sources */ = {isa = PBXBuildFile; fileRef = 8A67EED92DB3066A0090F187 /* TvMazeStore.swift */; };
		8A8812942DB2F82A00F21029 /* TvMazeEpisode.swift in Sources */ = {isa = PBXBuildFile; fileRef = 8A8812932DB2F82A00F21029 /* TvMazeEpisode.swift */; };
		8A8812962DB2F84E00F21029 /* TvMazeRating.swift in Sources */ = {isa = PBXBuildFile; fileRef = 8A8812952DB2F84E00F21029 /* TvMazeRating.swift */; };
		8A8812982DB2F92A00F21029 /* TvMazeDay.swift in Sources */ = {isa = PBXBuildFile; fileRef = 8A8812972DB2F92A00F21029 /* TvMazeDay.swift */; };
		8A88129A2DB2F96300F21029 /* TvMazeSchedule.swift in Sources */ = {isa = PBXBuildFile; fileRef = 8A8812992DB2F96300F21029 /* TvMazeSchedule.swift */; };
		8A88129C2DB2F97900F21029 /* TvMazeNetwork.swift in Sources */ = {isa = PBXBuildFile; fileRef = 8A88129B2DB2F97900F21029 /* TvMazeNetwork.swift */; };
		8A88129E2DB2FA1D00F21029 /* TvMazeImage.swift in Sources */ = {isa = PBXBuildFile; fileRef = 8A88129D2DB2FA1D00F21029 /* TvMazeImage.swift */; };
		8A8812A02DB2FCE900F21029 /* ShowDetailsViewModel.swift in Sources */ = {isa = PBXBuildFile; fileRef = 8A88129F2DB2FCE900F21029 /* ShowDetailsViewModel.swift */; };
		8A89712D2DC30CA90096B8E4 /* PersonDetailsView.swift in Sources */ = {isa = PBXBuildFile; fileRef = 8A89712C2DC30CA90096B8E4 /* PersonDetailsView.swift */; };
		8A89712F2DC30EF60096B8E4 /* TvMazePersonSuccessful.json in Resources */ = {isa = PBXBuildFile; fileRef = 8A89712E2DC30EF20096B8E4 /* TvMazePersonSuccessful.json */; };
		8A8971312DC30F0D0096B8E4 /* TvMazePersonFail.json in Resources */ = {isa = PBXBuildFile; fileRef = 8A8971302DC30F060096B8E4 /* TvMazePersonFail.json */; };
		8A8971332DC31E640096B8E4 /* PersonDetailsViewModel.swift in Sources */ = {isa = PBXBuildFile; fileRef = 8A8971322DC31E640096B8E4 /* PersonDetailsViewModel.swift */; };
		8A9443E92DB1A18B00797DD9 /* TvMazeApp.swift in Sources */ = {isa = PBXBuildFile; fileRef = 8A9443E82DB1A18B00797DD9 /* TvMazeApp.swift */; };
		8A9443EF2DB1A18C00797DD9 /* Assets.xcassets in Resources */ = {isa = PBXBuildFile; fileRef = 8A9443EE2DB1A18C00797DD9 /* Assets.xcassets */; };
		8A9443F22DB1A18C00797DD9 /* Preview Assets.xcassets in Resources */ = {isa = PBXBuildFile; fileRef = 8A9443F12DB1A18C00797DD9 /* Preview Assets.xcassets */; };
		8A9444062DB1A18C00797DD9 /* TvMazeUITests.swift in Sources */ = {isa = PBXBuildFile; fileRef = 8A9444052DB1A18C00797DD9 /* TvMazeUITests.swift */; };
		8A9444082DB1A18C00797DD9 /* TvMazeUITestsLaunchTests.swift in Sources */ = {isa = PBXBuildFile; fileRef = 8A9444072DB1A18C00797DD9 /* TvMazeUITestsLaunchTests.swift */; };
		8A9444172DB1A51700797DD9 /* HomeView.swift in Sources */ = {isa = PBXBuildFile; fileRef = 8A9444162DB1A51700797DD9 /* HomeView.swift */; };
		8A94441D2DB1AD8000797DD9 /* TvMazeShow.swift in Sources */ = {isa = PBXBuildFile; fileRef = 8A94441C2DB1AD8000797DD9 /* TvMazeShow.swift */; };
		8A9444212DB1AE4500797DD9 /* NetworkManager.swift in Sources */ = {isa = PBXBuildFile; fileRef = 8A9444202DB1AE4500797DD9 /* NetworkManager.swift */; };
		8A9444232DB1AFC700797DD9 /* NetworkError.swift in Sources */ = {isa = PBXBuildFile; fileRef = 8A9444222DB1AFC700797DD9 /* NetworkError.swift */; };
		8A9444252DB1BE0D00797DD9 /* ShowRowView.swift in Sources */ = {isa = PBXBuildFile; fileRef = 8A9444242DB1BE0D00797DD9 /* ShowRowView.swift */; };
		8A9444282DB1C4A600797DD9 /* ShowDetailsView.swift in Sources */ = {isa = PBXBuildFile; fileRef = 8A9444272DB1C4A600797DD9 /* ShowDetailsView.swift */; };
		8A94442B2DB1F6B700797DD9 /* ShowListView.swift in Sources */ = {isa = PBXBuildFile; fileRef = 8A94442A2DB1F6B700797DD9 /* ShowListView.swift */; };
		8A94442D2DB1F6D900797DD9 /* ShowListViewModel.swift in Sources */ = {isa = PBXBuildFile; fileRef = 8A94442C2DB1F6D900797DD9 /* ShowListViewModel.swift */; };
		8AA68FA82DE7C9A5009F1FEF /* CustomContentUnavailableView.swift in Sources */ = {isa = PBXBuildFile; fileRef = 8AA68FA72DE7C9A5009F1FEF /* CustomContentUnavailableView.swift */; };
		8AB933532DB9EF7200812A3A /* TvMazeCast.swift in Sources */ = {isa = PBXBuildFile; fileRef = 8AB933522DB9EF7200812A3A /* TvMazeCast.swift */; };
		8AB933552DB9F11A00812A3A /* TvMazeCharacter.swift in Sources */ = {isa = PBXBuildFile; fileRef = 8AB933542DB9F11A00812A3A /* TvMazeCharacter.swift */; };
		8AB933572DB9F13600812A3A /* TvMazeLinks.swift in Sources */ = {isa = PBXBuildFile; fileRef = 8AB933562DB9F13600812A3A /* TvMazeLinks.swift */; };
		8AB933592DB9F16A00812A3A /* TvMazePerson.swift in Sources */ = {isa = PBXBuildFile; fileRef = 8AB933582DB9F16A00812A3A /* TvMazePerson.swift */; };
		8AB9335B2DB9F17700812A3A /* TvMazeCountry.swift in Sources */ = {isa = PBXBuildFile; fileRef = 8AB9335A2DB9F17700812A3A /* TvMazeCountry.swift */; };
		8AB9335D2DB9F18600812A3A /* TvMazeGender.swift in Sources */ = {isa = PBXBuildFile; fileRef = 8AB9335C2DB9F18600812A3A /* TvMazeGender.swift */; };
		8AB933602DB9F2A700812A3A /* CastViewModel.swift in Sources */ = {isa = PBXBuildFile; fileRef = 8AB9335F2DB9F2A100812A3A /* CastViewModel.swift */; };
		8AB933622DB9F2BD00812A3A /* CastView.swift in Sources */ = {isa = PBXBuildFile; fileRef = 8AB933612DB9F2BD00812A3A /* CastView.swift */; };
		8ABA36492DC586B300C93BFC /* ShowImagesView.swift in Sources */ = {isa = PBXBuildFile; fileRef = 8ABA36482DC586B300C93BFC /* ShowImagesView.swift */; };
		8ABA364B2DC5889200C93BFC /* TvMazeShowImage.swift in Sources */ = {isa = PBXBuildFile; fileRef = 8ABA364A2DC5889200C93BFC /* TvMazeShowImage.swift */; };
		8ABA364D2DC58BE100C93BFC /* ShowImagesViewModel.swift in Sources */ = {isa = PBXBuildFile; fileRef = 8ABA364C2DC58BE100C93BFC /* ShowImagesViewModel.swift */; };
		8ABD8C9F2DC1904800EA9D0F /* NetworkManagerMock.swift in Sources */ = {isa = PBXBuildFile; fileRef = 8ABD8C9E2DC1903400EA9D0F /* NetworkManagerMock.swift */; };
		8ABD8CA42DC191FB00EA9D0F /* TvMazeCastSuccessful.json in Resources */ = {isa = PBXBuildFile; fileRef = 8ABD8CA32DC191F400EA9D0F /* TvMazeCastSuccessful.json */; };
		8ABD8CA82DC1927800EA9D0F /* TvMazeCastFail.json in Resources */ = {isa = PBXBuildFile; fileRef = 8ABD8CA72DC1927300EA9D0F /* TvMazeCastFail.json */; };
		8ABD8CAA2DC1930D00EA9D0F /* TvMazeSearchSuccessful.json in Resources */ = {isa = PBXBuildFile; fileRef = 8ABD8CA92DC1930300EA9D0F /* TvMazeSearchSuccessful.json */; };
		8ABD8CB22DC1940C00EA9D0F /* TvMazeShowsFail.json in Resources */ = {isa = PBXBuildFile; fileRef = 8ABD8CB12DC1940C00EA9D0F /* TvMazeShowsFail.json */; };
		8ABF05A12DC9722D005BCD55 /* CastViewRow.swift in Sources */ = {isa = PBXBuildFile; fileRef = 8ABF05A02DC9722D005BCD55 /* CastViewRow.swift */; };
		8ABF12CB2DD6B210005DAE81 /* ShowEpisodesViewModelTests.swift in Sources */ = {isa = PBXBuildFile; fileRef = 8ABF12CA2DD6B210005DAE81 /* ShowEpisodesViewModelTests.swift */; };
		8ABF12CD2DD6B6A7005DAE81 /* PersonDetailsViewModelTests.swift in Sources */ = {isa = PBXBuildFile; fileRef = 8ABF12CC2DD6B6A7005DAE81 /* PersonDetailsViewModelTests.swift */; };
		8ABF12D12DD6C734005DAE81 /* TvMazeSeasonsUnsuccessful.json in Resources */ = {isa = PBXBuildFile; fileRef = 8ABF12D02DD6C734005DAE81 /* TvMazeSeasonsUnsuccessful.json */; };
		8ABF12D22DD6C734005DAE81 /* TvMazeSearchFail.json in Resources */ = {isa = PBXBuildFile; fileRef = 8ABF12CF2DD6C734005DAE81 /* TvMazeSearchFail.json */; };
		8ABF12D32DD6C734005DAE81 /* TvMazeEpisodesFail.json in Resources */ = {isa = PBXBuildFile; fileRef = 8ABF12CE2DD6C734005DAE81 /* TvMazeEpisodesFail.json */; };
		8ABF12D52DD6CC6E005DAE81 /* CastViewModelTests.swift in Sources */ = {isa = PBXBuildFile; fileRef = 8ABF12D42DD6CC6E005DAE81 /* CastViewModelTests.swift */; };
		8ABF12D72DD6CDD8005DAE81 /* ShowImagesViewModelTests.swift in Sources */ = {isa = PBXBuildFile; fileRef = 8ABF12D62DD6CDD8005DAE81 /* ShowImagesViewModelTests.swift */; };
		8ABF12D92DD6DFB0005DAE81 /* TvMazeShowImagesSuccessful.json in Resources */ = {isa = PBXBuildFile; fileRef = 8ABF12D82DD6DF9C005DAE81 /* TvMazeShowImagesSuccessful.json */; };
		8ABF12DB2DD6DFDE005DAE81 /* TvMazeShowImagesFail.json in Resources */ = {isa = PBXBuildFile; fileRef = 8ABF12DA2DD6DFD8005DAE81 /* TvMazeShowImagesFail.json */; };
		8ABF12DD2DD6E22D005DAE81 /* NetworkProtocol.swift in Sources */ = {isa = PBXBuildFile; fileRef = 8ABF12DC2DD6E22D005DAE81 /* NetworkProtocol.swift */; };
		8ABF12DF2DD6E27D005DAE81 /* ReloadView.swift in Sources */ = {isa = PBXBuildFile; fileRef = 8ABF12DE2DD6E27D005DAE81 /* ReloadView.swift */; };
		8AE2E7982DD5267F0019BEDD /* ShowListViewModelTests.swift in Sources */ = {isa = PBXBuildFile; fileRef = 8AE2E7972DD5267F0019BEDD /* ShowListViewModelTests.swift */; };
		8AE2E79A2DD593280019BEDD /* ShowDetailsViewModelTests.swift in Sources */ = {isa = PBXBuildFile; fileRef = 8AE2E7992DD593280019BEDD /* ShowDetailsViewModelTests.swift */; };
		8AF384152DC0382B00EAE8B0 /* ImageFullView.swift in Sources */ = {isa = PBXBuildFile; fileRef = 8AF384142DC0382B00EAE8B0 /* ImageFullView.swift */; };
/* End PBXBuildFile section */

/* Begin PBXContainerItemProxy section */
		8A9443F82DB1A18C00797DD9 /* PBXContainerItemProxy */ = {
			isa = PBXContainerItemProxy;
			containerPortal = 8A9443DD2DB1A18B00797DD9 /* Project object */;
			proxyType = 1;
			remoteGlobalIDString = 8A9443E42DB1A18B00797DD9;
			remoteInfo = TvMaze;
		};
		8A9444022DB1A18C00797DD9 /* PBXContainerItemProxy */ = {
			isa = PBXContainerItemProxy;
			containerPortal = 8A9443DD2DB1A18B00797DD9 /* Project object */;
			proxyType = 1;
			remoteGlobalIDString = 8A9443E42DB1A18B00797DD9;
			remoteInfo = TvMaze;
		};
/* End PBXContainerItemProxy section */

/* Begin PBXFileReference section */
		8A0CC7AC2DB307130014320F /* TvMazeShowsSuccessful.json */ = {isa = PBXFileReference; fileEncoding = 4; lastKnownFileType = text.json; path = TvMazeShowsSuccessful.json; sourceTree = "<group>"; };
		8A0CC7AD2DB307130014320F /* TvMazeEpisodesSuccessful.json */ = {isa = PBXFileReference; fileEncoding = 4; lastKnownFileType = text.json; path = TvMazeEpisodesSuccessful.json; sourceTree = "<group>"; };
		8A0CC7B02DB311600014320F /* TvMazeSeason.swift */ = {isa = PBXFileReference; lastKnownFileType = sourcecode.swift; path = TvMazeSeason.swift; sourceTree = "<group>"; };
		8A0CC7B22DB312420014320F /* TvMazeSeasonsSuccessful.json */ = {isa = PBXFileReference; fileEncoding = 4; lastKnownFileType = text.json; path = TvMazeSeasonsSuccessful.json; sourceTree = "<group>"; };
		8A0CC7B42DB315450014320F /* TvMaseSeasonEpisodes.swift */ = {isa = PBXFileReference; lastKnownFileType = sourcecode.swift; path = TvMaseSeasonEpisodes.swift; sourceTree = "<group>"; };
		8A0CC7B72DB322AE0014320F /* ShowEpisodesView.swift */ = {isa = PBXFileReference; lastKnownFileType = sourcecode.swift; path = ShowEpisodesView.swift; sourceTree = "<group>"; };
		8A0CC7B92DB322BA0014320F /* ShowEpisodesViewModel.swift */ = {isa = PBXFileReference; lastKnownFileType = sourcecode.swift; path = ShowEpisodesViewModel.swift; sourceTree = "<group>"; };
		8A0CC7BE2DB3287D0014320F /* EpisodeDetailsView.swift */ = {isa = PBXFileReference; lastKnownFileType = sourcecode.swift; path = EpisodeDetailsView.swift; sourceTree = "<group>"; };
		8A0CC7C02DB332F00014320F /* SearchTvMazeShow.swift */ = {isa = PBXFileReference; lastKnownFileType = sourcecode.swift; path = SearchTvMazeShow.swift; sourceTree = "<group>"; };
		8A0CC7C32DB33A690014320F /* String+HTML.swift */ = {isa = PBXFileReference; lastKnownFileType = sourcecode.swift; path = "String+HTML.swift"; sourceTree = "<group>"; };
		8A0CC7C62DB33C760014320F /* CachedAsyncImage.swift */ = {isa = PBXFileReference; lastKnownFileType = sourcecode.swift; path = CachedAsyncImage.swift; sourceTree = "<group>"; };
		8A0CC7C92DB33E1E0014320F /* ImageCache.swift */ = {isa = PBXFileReference; lastKnownFileType = sourcecode.swift; path = ImageCache.swift; sourceTree = "<group>"; };
		8A0CC7CC2DB3510B0014320F /* Coordinator.swift */ = {isa = PBXFileReference; lastKnownFileType = sourcecode.swift; path = Coordinator.swift; sourceTree = "<group>"; };
		8A0CC7CE2DB351250014320F /* ShowCoordinator.swift */ = {isa = PBXFileReference; lastKnownFileType = sourcecode.swift; path = ShowCoordinator.swift; sourceTree = "<group>"; };
		8A0CC7D22DB351F50014320F /* NavigationSetupModifier.swift */ = {isa = PBXFileReference; lastKnownFileType = sourcecode.swift; path = NavigationSetupModifier.swift; sourceTree = "<group>"; };
		8A0CC7D52DB3627B0014320F /* FavoritesView.swift */ = {isa = PBXFileReference; lastKnownFileType = sourcecode.swift; path = FavoritesView.swift; sourceTree = "<group>"; };
		8A67EED92DB3066A0090F187 /* TvMazeStore.swift */ = {isa = PBXFileReference; lastKnownFileType = sourcecode.swift; path = TvMazeStore.swift; sourceTree = "<group>"; };
		8A8812932DB2F82A00F21029 /* TvMazeEpisode.swift */ = {isa = PBXFileReference; lastKnownFileType = sourcecode.swift; path = TvMazeEpisode.swift; sourceTree = "<group>"; };
		8A8812952DB2F84E00F21029 /* TvMazeRating.swift */ = {isa = PBXFileReference; lastKnownFileType = sourcecode.swift; path = TvMazeRating.swift; sourceTree = "<group>"; };
		8A8812972DB2F92A00F21029 /* TvMazeDay.swift */ = {isa = PBXFileReference; lastKnownFileType = sourcecode.swift; path = TvMazeDay.swift; sourceTree = "<group>"; };
		8A8812992DB2F96300F21029 /* TvMazeSchedule.swift */ = {isa = PBXFileReference; lastKnownFileType = sourcecode.swift; path = TvMazeSchedule.swift; sourceTree = "<group>"; };
		8A88129B2DB2F97900F21029 /* TvMazeNetwork.swift */ = {isa = PBXFileReference; lastKnownFileType = sourcecode.swift; path = TvMazeNetwork.swift; sourceTree = "<group>"; };
		8A88129D2DB2FA1D00F21029 /* TvMazeImage.swift */ = {isa = PBXFileReference; lastKnownFileType = sourcecode.swift; path = TvMazeImage.swift; sourceTree = "<group>"; };
		8A88129F2DB2FCE900F21029 /* ShowDetailsViewModel.swift */ = {isa = PBXFileReference; lastKnownFileType = sourcecode.swift; path = ShowDetailsViewModel.swift; sourceTree = "<group>"; };
		8A89712C2DC30CA90096B8E4 /* PersonDetailsView.swift */ = {isa = PBXFileReference; lastKnownFileType = sourcecode.swift; path = PersonDetailsView.swift; sourceTree = "<group>"; };
		8A89712E2DC30EF20096B8E4 /* TvMazePersonSuccessful.json */ = {isa = PBXFileReference; lastKnownFileType = text.json; path = TvMazePersonSuccessful.json; sourceTree = "<group>"; };
		8A8971302DC30F060096B8E4 /* TvMazePersonFail.json */ = {isa = PBXFileReference; lastKnownFileType = text.json; path = TvMazePersonFail.json; sourceTree = "<group>"; };
		8A8971322DC31E640096B8E4 /* PersonDetailsViewModel.swift */ = {isa = PBXFileReference; lastKnownFileType = sourcecode.swift; path = PersonDetailsViewModel.swift; sourceTree = "<group>"; };
		8A9443E52DB1A18B00797DD9 /* TvMaze.app */ = {isa = PBXFileReference; explicitFileType = wrapper.application; includeInIndex = 0; path = TvMaze.app; sourceTree = BUILT_PRODUCTS_DIR; };
		8A9443E82DB1A18B00797DD9 /* TvMazeApp.swift */ = {isa = PBXFileReference; lastKnownFileType = sourcecode.swift; path = TvMazeApp.swift; sourceTree = "<group>"; };
		8A9443EE2DB1A18C00797DD9 /* Assets.xcassets */ = {isa = PBXFileReference; lastKnownFileType = folder.assetcatalog; path = Assets.xcassets; sourceTree = "<group>"; };
		8A9443F12DB1A18C00797DD9 /* Preview Assets.xcassets */ = {isa = PBXFileReference; lastKnownFileType = folder.assetcatalog; path = "Preview Assets.xcassets"; sourceTree = "<group>"; };
		8A9443F72DB1A18C00797DD9 /* TvMazeTests.xctest */ = {isa = PBXFileReference; explicitFileType = wrapper.cfbundle; includeInIndex = 0; path = TvMazeTests.xctest; sourceTree = BUILT_PRODUCTS_DIR; };
		8A9444012DB1A18C00797DD9 /* TvMazeUITests.xctest */ = {isa = PBXFileReference; explicitFileType = wrapper.cfbundle; includeInIndex = 0; path = TvMazeUITests.xctest; sourceTree = BUILT_PRODUCTS_DIR; };
		8A9444052DB1A18C00797DD9 /* TvMazeUITests.swift */ = {isa = PBXFileReference; lastKnownFileType = sourcecode.swift; path = TvMazeUITests.swift; sourceTree = "<group>"; };
		8A9444072DB1A18C00797DD9 /* TvMazeUITestsLaunchTests.swift */ = {isa = PBXFileReference; lastKnownFileType = sourcecode.swift; path = TvMazeUITestsLaunchTests.swift; sourceTree = "<group>"; };
		8A9444162DB1A51700797DD9 /* HomeView.swift */ = {isa = PBXFileReference; lastKnownFileType = sourcecode.swift; path = HomeView.swift; sourceTree = "<group>"; };
		8A94441C2DB1AD8000797DD9 /* TvMazeShow.swift */ = {isa = PBXFileReference; lastKnownFileType = sourcecode.swift; path = TvMazeShow.swift; sourceTree = "<group>"; };
		8A9444202DB1AE4500797DD9 /* NetworkManager.swift */ = {isa = PBXFileReference; lastKnownFileType = sourcecode.swift; path = NetworkManager.swift; sourceTree = "<group>"; };
		8A9444222DB1AFC700797DD9 /* NetworkError.swift */ = {isa = PBXFileReference; lastKnownFileType = sourcecode.swift; path = NetworkError.swift; sourceTree = "<group>"; };
		8A9444242DB1BE0D00797DD9 /* ShowRowView.swift */ = {isa = PBXFileReference; lastKnownFileType = sourcecode.swift; path = ShowRowView.swift; sourceTree = "<group>"; };
		8A9444272DB1C4A600797DD9 /* ShowDetailsView.swift */ = {isa = PBXFileReference; lastKnownFileType = sourcecode.swift; path = ShowDetailsView.swift; sourceTree = "<group>"; };
		8A94442A2DB1F6B700797DD9 /* ShowListView.swift */ = {isa = PBXFileReference; lastKnownFileType = sourcecode.swift; path = ShowListView.swift; sourceTree = "<group>"; };
		8A94442C2DB1F6D900797DD9 /* ShowListViewModel.swift */ = {isa = PBXFileReference; lastKnownFileType = sourcecode.swift; path = ShowListViewModel.swift; sourceTree = "<group>"; };
		8AA68FA72DE7C9A5009F1FEF /* CustomContentUnavailableView.swift */ = {isa = PBXFileReference; lastKnownFileType = sourcecode.swift; path = CustomContentUnavailableView.swift; sourceTree = "<group>"; };
		8AB933522DB9EF7200812A3A /* TvMazeCast.swift */ = {isa = PBXFileReference; lastKnownFileType = sourcecode.swift; path = TvMazeCast.swift; sourceTree = "<group>"; };
		8AB933542DB9F11A00812A3A /* TvMazeCharacter.swift */ = {isa = PBXFileReference; lastKnownFileType = sourcecode.swift; path = TvMazeCharacter.swift; sourceTree = "<group>"; };
		8AB933562DB9F13600812A3A /* TvMazeLinks.swift */ = {isa = PBXFileReference; lastKnownFileType = sourcecode.swift; path = TvMazeLinks.swift; sourceTree = "<group>"; };
		8AB933582DB9F16A00812A3A /* TvMazePerson.swift */ = {isa = PBXFileReference; lastKnownFileType = sourcecode.swift; path = TvMazePerson.swift; sourceTree = "<group>"; };
		8AB9335A2DB9F17700812A3A /* TvMazeCountry.swift */ = {isa = PBXFileReference; lastKnownFileType = sourcecode.swift; path = TvMazeCountry.swift; sourceTree = "<group>"; };
		8AB9335C2DB9F18600812A3A /* TvMazeGender.swift */ = {isa = PBXFileReference; lastKnownFileType = sourcecode.swift; path = TvMazeGender.swift; sourceTree = "<group>"; };
		8AB9335F2DB9F2A100812A3A /* CastViewModel.swift */ = {isa = PBXFileReference; lastKnownFileType = sourcecode.swift; path = CastViewModel.swift; sourceTree = "<group>"; };
		8AB933612DB9F2BD00812A3A /* CastView.swift */ = {isa = PBXFileReference; lastKnownFileType = sourcecode.swift; path = CastView.swift; sourceTree = "<group>"; };
		8ABA36482DC586B300C93BFC /* ShowImagesView.swift */ = {isa = PBXFileReference; lastKnownFileType = sourcecode.swift; path = ShowImagesView.swift; sourceTree = "<group>"; };
		8ABA364A2DC5889200C93BFC /* TvMazeShowImage.swift */ = {isa = PBXFileReference; lastKnownFileType = sourcecode.swift; path = TvMazeShowImage.swift; sourceTree = "<group>"; };
		8ABA364C2DC58BE100C93BFC /* ShowImagesViewModel.swift */ = {isa = PBXFileReference; lastKnownFileType = sourcecode.swift; path = ShowImagesViewModel.swift; sourceTree = "<group>"; };
		8ABD8C9E2DC1903400EA9D0F /* NetworkManagerMock.swift */ = {isa = PBXFileReference; lastKnownFileType = sourcecode.swift; path = NetworkManagerMock.swift; sourceTree = "<group>"; };
		8ABD8CA32DC191F400EA9D0F /* TvMazeCastSuccessful.json */ = {isa = PBXFileReference; lastKnownFileType = text.json; path = TvMazeCastSuccessful.json; sourceTree = "<group>"; };
		8ABD8CA72DC1927300EA9D0F /* TvMazeCastFail.json */ = {isa = PBXFileReference; lastKnownFileType = text.json; path = TvMazeCastFail.json; sourceTree = "<group>"; };
		8ABD8CA92DC1930300EA9D0F /* TvMazeSearchSuccessful.json */ = {isa = PBXFileReference; lastKnownFileType = text.json; path = TvMazeSearchSuccessful.json; sourceTree = "<group>"; };
		8ABD8CB12DC1940C00EA9D0F /* TvMazeShowsFail.json */ = {isa = PBXFileReference; lastKnownFileType = text.json; path = TvMazeShowsFail.json; sourceTree = "<group>"; };
		8ABF05A02DC9722D005BCD55 /* CastViewRow.swift */ = {isa = PBXFileReference; lastKnownFileType = sourcecode.swift; path = CastViewRow.swift; sourceTree = "<group>"; };
		8ABF12CA2DD6B210005DAE81 /* ShowEpisodesViewModelTests.swift */ = {isa = PBXFileReference; lastKnownFileType = sourcecode.swift; path = ShowEpisodesViewModelTests.swift; sourceTree = "<group>"; };
		8ABF12CC2DD6B6A7005DAE81 /* PersonDetailsViewModelTests.swift */ = {isa = PBXFileReference; lastKnownFileType = sourcecode.swift; path = PersonDetailsViewModelTests.swift; sourceTree = "<group>"; };
		8ABF12CE2DD6C734005DAE81 /* TvMazeEpisodesFail.json */ = {isa = PBXFileReference; lastKnownFileType = text.json; path = TvMazeEpisodesFail.json; sourceTree = "<group>"; };
		8ABF12CF2DD6C734005DAE81 /* TvMazeSearchFail.json */ = {isa = PBXFileReference; lastKnownFileType = text.json; path = TvMazeSearchFail.json; sourceTree = "<group>"; };
		8ABF12D02DD6C734005DAE81 /* TvMazeSeasonsUnsuccessful.json */ = {isa = PBXFileReference; lastKnownFileType = text.json; path = TvMazeSeasonsUnsuccessful.json; sourceTree = "<group>"; };
		8ABF12D42DD6CC6E005DAE81 /* CastViewModelTests.swift */ = {isa = PBXFileReference; lastKnownFileType = sourcecode.swift; path = CastViewModelTests.swift; sourceTree = "<group>"; };
		8ABF12D62DD6CDD8005DAE81 /* ShowImagesViewModelTests.swift */ = {isa = PBXFileReference; lastKnownFileType = sourcecode.swift; path = ShowImagesViewModelTests.swift; sourceTree = "<group>"; };
		8ABF12D82DD6DF9C005DAE81 /* TvMazeShowImagesSuccessful.json */ = {isa = PBXFileReference; lastKnownFileType = text.json; path = TvMazeShowImagesSuccessful.json; sourceTree = "<group>"; };
		8ABF12DA2DD6DFD8005DAE81 /* TvMazeShowImagesFail.json */ = {isa = PBXFileReference; lastKnownFileType = text.json; path = TvMazeShowImagesFail.json; sourceTree = "<group>"; };
		8ABF12DC2DD6E22D005DAE81 /* NetworkProtocol.swift */ = {isa = PBXFileReference; lastKnownFileType = sourcecode.swift; path = NetworkProtocol.swift; sourceTree = "<group>"; };
		8ABF12DE2DD6E27D005DAE81 /* ReloadView.swift */ = {isa = PBXFileReference; lastKnownFileType = sourcecode.swift; path = ReloadView.swift; sourceTree = "<group>"; };
		8AE2E7972DD5267F0019BEDD /* ShowListViewModelTests.swift */ = {isa = PBXFileReference; lastKnownFileType = sourcecode.swift; path = ShowListViewModelTests.swift; sourceTree = "<group>"; };
		8AE2E7992DD593280019BEDD /* ShowDetailsViewModelTests.swift */ = {isa = PBXFileReference; lastKnownFileType = sourcecode.swift; path = ShowDetailsViewModelTests.swift; sourceTree = "<group>"; };
		8AF384142DC0382B00EAE8B0 /* ImageFullView.swift */ = {isa = PBXFileReference; lastKnownFileType = sourcecode.swift; path = ImageFullView.swift; sourceTree = "<group>"; };
/* End PBXFileReference section */

/* Begin PBXFrameworksBuildPhase section */
		8A9443E22DB1A18B00797DD9 /* Frameworks */ = {
			isa = PBXFrameworksBuildPhase;
			buildActionMask = 2147483647;
			files = (
			);
			runOnlyForDeploymentPostprocessing = 0;
		};
		8A9443F42DB1A18C00797DD9 /* Frameworks */ = {
			isa = PBXFrameworksBuildPhase;
			buildActionMask = 2147483647;
			files = (
			);
			runOnlyForDeploymentPostprocessing = 0;
		};
		8A9443FE2DB1A18C00797DD9 /* Frameworks */ = {
			isa = PBXFrameworksBuildPhase;
			buildActionMask = 2147483647;
			files = (
			);
			runOnlyForDeploymentPostprocessing = 0;
		};
/* End PBXFrameworksBuildPhase section */

/* Begin PBXGroup section */
		8A0CC7B62DB322970014320F /* ShowEpisodes */ = {
			isa = PBXGroup;
			children = (
				8A0CC7B72DB322AE0014320F /* ShowEpisodesView.swift */,
				8A0CC7B92DB322BA0014320F /* ShowEpisodesViewModel.swift */,
			);
			path = ShowEpisodes;
			sourceTree = "<group>";
		};
		8A0CC7BB2DB328590014320F /* EpisodeDetails */ = {
			isa = PBXGroup;
			children = (
				8A0CC7BE2DB3287D0014320F /* EpisodeDetailsView.swift */,
			);
			path = EpisodeDetails;
			sourceTree = "<group>";
		};
		8A0CC7C22DB33A580014320F /* Extensions */ = {
			isa = PBXGroup;
			children = (
				8A0CC7C32DB33A690014320F /* String+HTML.swift */,
			);
			path = Extensions;
			sourceTree = "<group>";
		};
		8A0CC7C52DB33C6A0014320F /* UIComponents */ = {
			isa = PBXGroup;
			children = (
				8A96C6362DBA036600102FC7 /* CachedAsyncImage */,
				8AA68FA72DE7C9A5009F1FEF /* CustomContentUnavailableView.swift */,
				8AF384132DC037F600EAE8B0 /* ImageFullView */,
				8ABF12DE2DD6E27D005DAE81 /* ReloadView.swift */,
			);
			path = UIComponents;
			sourceTree = "<group>";
		};
		8A0CC7C82DB33E150014320F /* Helpers */ = {
			isa = PBXGroup;
			children = (
				8A8971292DC30B530096B8E4 /* Cache */,
				8A0CC7C22DB33A580014320F /* Extensions */,
			);
			path = Helpers;
			sourceTree = "<group>";
		};
		8A0CC7CB2DB350BE0014320F /* Coordinator */ = {
			isa = PBXGroup;
			children = (
				8A0CC7CC2DB3510B0014320F /* Coordinator.swift */,
				8A0CC7D22DB351F50014320F /* NavigationSetupModifier.swift */,
				8A0CC7CE2DB351250014320F /* ShowCoordinator.swift */,
			);
			path = Coordinator;
			sourceTree = "<group>";
		};
		8A0CC7D42DB362640014320F /* Favorites */ = {
			isa = PBXGroup;
			children = (
				8A0CC7D52DB3627B0014320F /* FavoritesView.swift */,
			);
			path = Favorites;
			sourceTree = "<group>";
		};
		8A8971292DC30B530096B8E4 /* Cache */ = {
			isa = PBXGroup;
			children = (
				8A0CC7C92DB33E1E0014320F /* ImageCache.swift */,
			);
			path = Cache;
			sourceTree = "<group>";
		};
		8A89712A2DC30C840096B8E4 /* PersonDetails */ = {
			isa = PBXGroup;
			children = (
				8A89712C2DC30CA90096B8E4 /* PersonDetailsView.swift */,
				8A8971322DC31E640096B8E4 /* PersonDetailsViewModel.swift */,
			);
			path = PersonDetails;
			sourceTree = "<group>";
		};
		8A9443DC2DB1A18B00797DD9 = {
			isa = PBXGroup;
			children = (
				8A9443E72DB1A18B00797DD9 /* TvMaze */,
				8A9443FA2DB1A18C00797DD9 /* TvMazeTests */,
				8A9444042DB1A18C00797DD9 /* TvMazeUITests */,
				8A9443E62DB1A18B00797DD9 /* Products */,
			);
			sourceTree = "<group>";
		};
		8A9443E62DB1A18B00797DD9 /* Products */ = {
			isa = PBXGroup;
			children = (
				8A9443E52DB1A18B00797DD9 /* TvMaze.app */,
				8A9443F72DB1A18C00797DD9 /* TvMazeTests.xctest */,
				8A9444012DB1A18C00797DD9 /* TvMazeUITests.xctest */,
			);
			name = Products;
			sourceTree = "<group>";
		};
		8A9443E72DB1A18B00797DD9 /* TvMaze */ = {
			isa = PBXGroup;
			children = (
				8A0CC7CB2DB350BE0014320F /* Coordinator */,
				8A0CC7C82DB33E150014320F /* Helpers */,
				8A0CC7C52DB33C6A0014320F /* UIComponents */,
				8A94441B2DB1AD3300797DD9 /* Model */,
				8A94441A2DB1AD2900797DD9 /* Services */,
				8A9444182DB1AD1800797DD9 /* Core */,
				8A9444142DB1A4FB00797DD9 /* Features */,
				8A9443E82DB1A18B00797DD9 /* TvMazeApp.swift */,
				8A9443EE2DB1A18C00797DD9 /* Assets.xcassets */,
				8A9443F02DB1A18C00797DD9 /* Preview Content */,
			);
			path = TvMaze;
			sourceTree = "<group>";
		};
		8A9443F02DB1A18C00797DD9 /* Preview Content */ = {
			isa = PBXGroup;
			children = (
				8A9443F12DB1A18C00797DD9 /* Preview Assets.xcassets */,
			);
			path = "Preview Content";
			sourceTree = "<group>";
		};
		8A9443FA2DB1A18C00797DD9 /* TvMazeTests */ = {
			isa = PBXGroup;
			children = (
				8ABF12C92DD6B1EC005DAE81 /* Features */,
				8ABD8C9D2DC1900A00EA9D0F /* Mocks */,
			);
			path = TvMazeTests;
			sourceTree = "<group>";
		};
		8A9444042DB1A18C00797DD9 /* TvMazeUITests */ = {
			isa = PBXGroup;
			children = (
				8A9444052DB1A18C00797DD9 /* TvMazeUITests.swift */,
				8A9444072DB1A18C00797DD9 /* TvMazeUITestsLaunchTests.swift */,
			);
			path = TvMazeUITests;
			sourceTree = "<group>";
		};
		8A9444142DB1A4FB00797DD9 /* Features */ = {
			isa = PBXGroup;
			children = (
				8ABA36472DC586A000C93BFC /* ShowImages */,
				8AB9335E2DB9F28300812A3A /* Cast */,
				8A0CC7BB2DB328590014320F /* EpisodeDetails */,
				8A0CC7D42DB362640014320F /* Favorites */,
				8A9444152DB1A50800797DD9 /* Home */,
				8A89712A2DC30C840096B8E4 /* PersonDetails */,
				8A9444262DB1C49700797DD9 /* ShowDetails */,
				8A0CC7B62DB322970014320F /* ShowEpisodes */,
				8A9444292DB1F69200797DD9 /* ShowList */,
			);
			path = Features;
			sourceTree = "<group>";
		};
		8A9444152DB1A50800797DD9 /* Home */ = {
			isa = PBXGroup;
			children = (
				8A9444162DB1A51700797DD9 /* HomeView.swift */,
			);
			path = Home;
			sourceTree = "<group>";
		};
		8A9444182DB1AD1800797DD9 /* Core */ = {
			isa = PBXGroup;
			children = (
				8A9444192DB1AD2200797DD9 /* Network */,
			);
			path = Core;
			sourceTree = "<group>";
		};
		8A9444192DB1AD2200797DD9 /* Network */ = {
			isa = PBXGroup;
			children = (
				8ABF12DC2DD6E22D005DAE81 /* NetworkProtocol.swift */,
				8A9444202DB1AE4500797DD9 /* NetworkManager.swift */,
				8A9444222DB1AFC700797DD9 /* NetworkError.swift */,
			);
			path = Network;
			sourceTree = "<group>";
		};
		8A94441A2DB1AD2900797DD9 /* Services */ = {
			isa = PBXGroup;
			children = (
				8A67EED92DB3066A0090F187 /* TvMazeStore.swift */,
			);
			path = Services;
			sourceTree = "<group>";
		};
		8A94441B2DB1AD3300797DD9 /* Model */ = {
			isa = PBXGroup;
			children = (
				8A0CC7C02DB332F00014320F /* SearchTvMazeShow.swift */,
				8A0CC7B42DB315450014320F /* TvMaseSeasonEpisodes.swift */,
				8AB933522DB9EF7200812A3A /* TvMazeCast.swift */,
				8AB933542DB9F11A00812A3A /* TvMazeCharacter.swift */,
				8AB9335A2DB9F17700812A3A /* TvMazeCountry.swift */,
				8A8812972DB2F92A00F21029 /* TvMazeDay.swift */,
				8A8812932DB2F82A00F21029 /* TvMazeEpisode.swift */,
				8AB9335C2DB9F18600812A3A /* TvMazeGender.swift */,
				8A88129D2DB2FA1D00F21029 /* TvMazeImage.swift */,
				8AB933562DB9F13600812A3A /* TvMazeLinks.swift */,
				8A88129B2DB2F97900F21029 /* TvMazeNetwork.swift */,
				8AB933582DB9F16A00812A3A /* TvMazePerson.swift */,
				8A8812952DB2F84E00F21029 /* TvMazeRating.swift */,
				8A8812992DB2F96300F21029 /* TvMazeSchedule.swift */,
				8A0CC7B02DB311600014320F /* TvMazeSeason.swift */,
				8A94441C2DB1AD8000797DD9 /* TvMazeShow.swift */,
				8ABA364A2DC5889200C93BFC /* TvMazeShowImage.swift */,
			);
			path = Model;
			sourceTree = "<group>";
		};
		8A9444262DB1C49700797DD9 /* ShowDetails */ = {
			isa = PBXGroup;
			children = (
				8A9444272DB1C4A600797DD9 /* ShowDetailsView.swift */,
				8A88129F2DB2FCE900F21029 /* ShowDetailsViewModel.swift */,
			);
			path = ShowDetails;
			sourceTree = "<group>";
		};
		8A9444292DB1F69200797DD9 /* ShowList */ = {
			isa = PBXGroup;
			children = (
				8AF6B4962DC5AACA00FB63BD /* Rows */,
				8A94442A2DB1F6B700797DD9 /* ShowListView.swift */,
				8A94442C2DB1F6D900797DD9 /* ShowListViewModel.swift */,
			);
			path = ShowList;
			sourceTree = "<group>";
		};
		8A96C6362DBA036600102FC7 /* CachedAsyncImage */ = {
			isa = PBXGroup;
			children = (
				8A0CC7C62DB33C760014320F /* CachedAsyncImage.swift */,
			);
			path = CachedAsyncImage;
			sourceTree = "<group>";
		};
		8AB9335E2DB9F28300812A3A /* Cast */ = {
			isa = PBXGroup;
			children = (
				8ABF059F2DC97227005BCD55 /* Rows */,
				8AB933612DB9F2BD00812A3A /* CastView.swift */,
				8AB9335F2DB9F2A100812A3A /* CastViewModel.swift */,
			);
			path = Cast;
			sourceTree = "<group>";
		};
		8ABA36472DC586A000C93BFC /* ShowImages */ = {
			isa = PBXGroup;
			children = (
				8ABA364C2DC58BE100C93BFC /* ShowImagesViewModel.swift */,
				8ABA36482DC586B300C93BFC /* ShowImagesView.swift */,
			);
			path = ShowImages;
			sourceTree = "<group>";
		};
		8ABD8C9D2DC1900A00EA9D0F /* Mocks */ = {
			isa = PBXGroup;
			children = (
				8ABD8CA02DC191C100EA9D0F /* responses */,
				8ABD8C9E2DC1903400EA9D0F /* NetworkManagerMock.swift */,
			);
			path = Mocks;
			sourceTree = "<group>";
		};
		8ABD8CA02DC191C100EA9D0F /* responses */ = {
			isa = PBXGroup;
			children = (
				8ABF12DA2DD6DFD8005DAE81 /* TvMazeShowImagesFail.json */,
				8ABF12D82DD6DF9C005DAE81 /* TvMazeShowImagesSuccessful.json */,
				8ABD8CA32DC191F400EA9D0F /* TvMazeCastSuccessful.json */,
				8ABD8CA72DC1927300EA9D0F /* TvMazeCastFail.json */,
				8ABF12CE2DD6C734005DAE81 /* TvMazeEpisodesFail.json */,
				8A0CC7AD2DB307130014320F /* TvMazeEpisodesSuccessful.json */,
				8A89712E2DC30EF20096B8E4 /* TvMazePersonSuccessful.json */,
				8A8971302DC30F060096B8E4 /* TvMazePersonFail.json */,
				8ABF12CF2DD6C734005DAE81 /* TvMazeSearchFail.json */,
				8ABD8CA92DC1930300EA9D0F /* TvMazeSearchSuccessful.json */,
				8A0CC7B22DB312420014320F /* TvMazeSeasonsSuccessful.json */,
				8ABF12D02DD6C734005DAE81 /* TvMazeSeasonsUnsuccessful.json */,
				8ABD8CB12DC1940C00EA9D0F /* TvMazeShowsFail.json */,
				8A0CC7AC2DB307130014320F /* TvMazeShowsSuccessful.json */,
			);
			path = responses;
			sourceTree = "<group>";
		};
		8ABF059F2DC97227005BCD55 /* Rows */ = {
			isa = PBXGroup;
			children = (
				8ABF05A02DC9722D005BCD55 /* CastViewRow.swift */,
			);
			path = Rows;
			sourceTree = "<group>";
		};
		8ABF12C92DD6B1EC005DAE81 /* Features */ = {
			isa = PBXGroup;
			children = (
				8AE2E7972DD5267F0019BEDD /* ShowListViewModelTests.swift */,
				8AE2E7992DD593280019BEDD /* ShowDetailsViewModelTests.swift */,
				8ABF12CA2DD6B210005DAE81 /* ShowEpisodesViewModelTests.swift */,
				8ABF12CC2DD6B6A7005DAE81 /* PersonDetailsViewModelTests.swift */,
				8ABF12D42DD6CC6E005DAE81 /* CastViewModelTests.swift */,
				8ABF12D62DD6CDD8005DAE81 /* ShowImagesViewModelTests.swift */,
			);
			path = Features;
			sourceTree = "<group>";
		};
		8AF384132DC037F600EAE8B0 /* ImageFullView */ = {
			isa = PBXGroup;
			children = (
				8AF384142DC0382B00EAE8B0 /* ImageFullView.swift */,
			);
			path = ImageFullView;
			sourceTree = "<group>";
		};
		8AF6B4962DC5AACA00FB63BD /* Rows */ = {
			isa = PBXGroup;
			children = (
				8A9444242DB1BE0D00797DD9 /* ShowRowView.swift */,
			);
			path = Rows;
			sourceTree = "<group>";
		};
/* End PBXGroup section */

/* Begin PBXNativeTarget section */
		8A9443E42DB1A18B00797DD9 /* TvMaze */ = {
			isa = PBXNativeTarget;
			buildConfigurationList = 8A94440B2DB1A18C00797DD9 /* Build configuration list for PBXNativeTarget "TvMaze" */;
			buildPhases = (
				8A9443E12DB1A18B00797DD9 /* Sources */,
				8A9443E22DB1A18B00797DD9 /* Frameworks */,
				8A9443E32DB1A18B00797DD9 /* Resources */,
			);
			buildRules = (
			);
			dependencies = (
			);
			name = TvMaze;
			productName = TvMaze;
			productReference = 8A9443E52DB1A18B00797DD9 /* TvMaze.app */;
			productType = "com.apple.product-type.application";
		};
		8A9443F62DB1A18C00797DD9 /* TvMazeTests */ = {
			isa = PBXNativeTarget;
			buildConfigurationList = 8A94440E2DB1A18C00797DD9 /* Build configuration list for PBXNativeTarget "TvMazeTests" */;
			buildPhases = (
				8A9443F32DB1A18C00797DD9 /* Sources */,
				8A9443F42DB1A18C00797DD9 /* Frameworks */,
				8A9443F52DB1A18C00797DD9 /* Resources */,
			);
			buildRules = (
			);
			dependencies = (
				8A9443F92DB1A18C00797DD9 /* PBXTargetDependency */,
			);
			name = TvMazeTests;
			productName = TvMazeTests;
			productReference = 8A9443F72DB1A18C00797DD9 /* TvMazeTests.xctest */;
			productType = "com.apple.product-type.bundle.unit-test";
		};
		8A9444002DB1A18C00797DD9 /* TvMazeUITests */ = {
			isa = PBXNativeTarget;
			buildConfigurationList = 8A9444112DB1A18C00797DD9 /* Build configuration list for PBXNativeTarget "TvMazeUITests" */;
			buildPhases = (
				8A9443FD2DB1A18C00797DD9 /* Sources */,
				8A9443FE2DB1A18C00797DD9 /* Frameworks */,
				8A9443FF2DB1A18C00797DD9 /* Resources */,
			);
			buildRules = (
			);
			dependencies = (
				8A9444032DB1A18C00797DD9 /* PBXTargetDependency */,
			);
			name = TvMazeUITests;
			productName = TvMazeUITests;
			productReference = 8A9444012DB1A18C00797DD9 /* TvMazeUITests.xctest */;
			productType = "com.apple.product-type.bundle.ui-testing";
		};
/* End PBXNativeTarget section */

/* Begin PBXProject section */
		8A9443DD2DB1A18B00797DD9 /* Project object */ = {
			isa = PBXProject;
			attributes = {
				BuildIndependentTargetsInParallel = 1;
				LastSwiftUpdateCheck = 1540;
				LastUpgradeCheck = 1540;
				TargetAttributes = {
					8A9443E42DB1A18B00797DD9 = {
						CreatedOnToolsVersion = 15.4;
					};
					8A9443F62DB1A18C00797DD9 = {
						CreatedOnToolsVersion = 15.4;
						TestTargetID = 8A9443E42DB1A18B00797DD9;
					};
					8A9444002DB1A18C00797DD9 = {
						CreatedOnToolsVersion = 15.4;
						TestTargetID = 8A9443E42DB1A18B00797DD9;
					};
				};
			};
			buildConfigurationList = 8A9443E02DB1A18B00797DD9 /* Build configuration list for PBXProject "TvMaze" */;
			compatibilityVersion = "Xcode 14.0";
			developmentRegion = en;
			hasScannedForEncodings = 0;
			knownRegions = (
				en,
				Base,
			);
			mainGroup = 8A9443DC2DB1A18B00797DD9;
			productRefGroup = 8A9443E62DB1A18B00797DD9 /* Products */;
			projectDirPath = "";
			projectRoot = "";
			targets = (
				8A9443E42DB1A18B00797DD9 /* TvMaze */,
				8A9443F62DB1A18C00797DD9 /* TvMazeTests */,
				8A9444002DB1A18C00797DD9 /* TvMazeUITests */,
			);
		};
/* End PBXProject section */

/* Begin PBXResourcesBuildPhase section */
		8A9443E32DB1A18B00797DD9 /* Resources */ = {
			isa = PBXResourcesBuildPhase;
			buildActionMask = 2147483647;
			files = (
				8ABF12DB2DD6DFDE005DAE81 /* TvMazeShowImagesFail.json in Resources */,
				8A89712F2DC30EF60096B8E4 /* TvMazePersonSuccessful.json in Resources */,
				8ABD8CAA2DC1930D00EA9D0F /* TvMazeSearchSuccessful.json in Resources */,
				8ABD8CA42DC191FB00EA9D0F /* TvMazeCastSuccessful.json in Resources */,
				8ABD8CB22DC1940C00EA9D0F /* TvMazeShowsFail.json in Resources */,
				8ABD8CA82DC1927800EA9D0F /* TvMazeCastFail.json in Resources */,
				8ABF12D92DD6DFB0005DAE81 /* TvMazeShowImagesSuccessful.json in Resources */,
				8A9443F22DB1A18C00797DD9 /* Preview Assets.xcassets in Resources */,
				8A9443EF2DB1A18C00797DD9 /* Assets.xcassets in Resources */,
				8A0CC7AF2DB307130014320F /* TvMazeEpisodesSuccessful.json in Resources */,
				8A0CC7B32DB312420014320F /* TvMazeSeasonsSuccessful.json in Resources */,
				8A0CC7AE2DB307130014320F /* TvMazeShowsSuccessful.json in Resources */,
				8A8971312DC30F0D0096B8E4 /* TvMazePersonFail.json in Resources */,
			);
			runOnlyForDeploymentPostprocessing = 0;
		};
		8A9443F52DB1A18C00797DD9 /* Resources */ = {
			isa = PBXResourcesBuildPhase;
			buildActionMask = 2147483647;
			files = (
				8ABF12D12DD6C734005DAE81 /* TvMazeSeasonsUnsuccessful.json in Resources */,
				8ABF12D22DD6C734005DAE81 /* TvMazeSearchFail.json in Resources */,
				8ABF12D32DD6C734005DAE81 /* TvMazeEpisodesFail.json in Resources */,
			);
			runOnlyForDeploymentPostprocessing = 0;
		};
		8A9443FF2DB1A18C00797DD9 /* Resources */ = {
			isa = PBXResourcesBuildPhase;
			buildActionMask = 2147483647;
			files = (
			);
			runOnlyForDeploymentPostprocessing = 0;
		};
/* End PBXResourcesBuildPhase section */

/* Begin PBXSourcesBuildPhase section */
		8A9443E12DB1A18B00797DD9 /* Sources */ = {
			isa = PBXSourcesBuildPhase;
			buildActionMask = 2147483647;
			files = (
				8A8812982DB2F92A00F21029 /* TvMazeDay.swift in Sources */,
				8A0CC7C42DB33A6A0014320F /* String+HTML.swift in Sources */,
				8A9444252DB1BE0D00797DD9 /* ShowRowView.swift in Sources */,
				8AB9335B2DB9F17700812A3A /* TvMazeCountry.swift in Sources */,
				8A88129E2DB2FA1D00F21029 /* TvMazeImage.swift in Sources */,
				8AB933572DB9F13600812A3A /* TvMazeLinks.swift in Sources */,
				8A0CC7B82DB322AE0014320F /* ShowEpisodesView.swift in Sources */,
				8A0CC7CF2DB351250014320F /* ShowCoordinator.swift in Sources */,
				8AF384152DC0382B00EAE8B0 /* ImageFullView.swift in Sources */,
				8A88129C2DB2F97900F21029 /* TvMazeNetwork.swift in Sources */,
				8A9444282DB1C4A600797DD9 /* ShowDetailsView.swift in Sources */,
				8A0CC7BA2DB322BA0014320F /* ShowEpisodesViewModel.swift in Sources */,
				8ABF05A12DC9722D005BCD55 /* CastViewRow.swift in Sources */,
				8AB9335D2DB9F18600812A3A /* TvMazeGender.swift in Sources */,
				8A89712D2DC30CA90096B8E4 /* PersonDetailsView.swift in Sources */,
				8A9444212DB1AE4500797DD9 /* NetworkManager.swift in Sources */,
				8A94442B2DB1F6B700797DD9 /* ShowListView.swift in Sources */,
				8A9444232DB1AFC700797DD9 /* NetworkError.swift in Sources */,
				8AB933622DB9F2BD00812A3A /* CastView.swift in Sources */,
				8A8812A02DB2FCE900F21029 /* ShowDetailsViewModel.swift in Sources */,
				8A0CC7C12DB332F00014320F /* SearchTvMazeShow.swift in Sources */,
				8AB933592DB9F16A00812A3A /* TvMazePerson.swift in Sources */,
				8A0CC7B12DB311600014320F /* TvMazeSeason.swift in Sources */,
				8A94442D2DB1F6D900797DD9 /* ShowListViewModel.swift in Sources */,
				8A67EEDA2DB3066A0090F187 /* TvMazeStore.swift in Sources */,
				8A0CC7BF2DB3287D0014320F /* EpisodeDetailsView.swift in Sources */,
				8A8812942DB2F82A00F21029 /* TvMazeEpisode.swift in Sources */,
				8ABA364D2DC58BE100C93BFC /* ShowImagesViewModel.swift in Sources */,
				8A0CC7B52DB315460014320F /* TvMaseSeasonEpisodes.swift in Sources */,
				8ABF12DF2DD6E27D005DAE81 /* ReloadView.swift in Sources */,
				8ABD8C9F2DC1904800EA9D0F /* NetworkManagerMock.swift in Sources */,
				8A9444172DB1A51700797DD9 /* HomeView.swift in Sources */,
				8A88129A2DB2F96300F21029 /* TvMazeSchedule.swift in Sources */,
				8A8971332DC31E640096B8E4 /* PersonDetailsViewModel.swift in Sources */,
				8AB933532DB9EF7200812A3A /* TvMazeCast.swift in Sources */,
				8ABA36492DC586B300C93BFC /* ShowImagesView.swift in Sources */,
				8A94441D2DB1AD8000797DD9 /* TvMazeShow.swift in Sources */,
				8AA68FA82DE7C9A5009F1FEF /* CustomContentUnavailableView.swift in Sources */,
				8AB933552DB9F11A00812A3A /* TvMazeCharacter.swift in Sources */,
				8A9443E92DB1A18B00797DD9 /* TvMazeApp.swift in Sources */,
				8A0CC7C72DB33C760014320F /* CachedAsyncImage.swift in Sources */,
				8A8812962DB2F84E00F21029 /* TvMazeRating.swift in Sources */,
				8A0CC7D62DB3627B0014320F /* FavoritesView.swift in Sources */,
				8A0CC7CD2DB3510B0014320F /* Coordinator.swift in Sources */,
				8AB933602DB9F2A700812A3A /* CastViewModel.swift in Sources */,
				8A0CC7D32DB351F50014320F /* NavigationSetupModifier.swift in Sources */,
				8ABF12DD2DD6E22D005DAE81 /* NetworkProtocol.swift in Sources */,
				8A0CC7CA2DB33E1E0014320F /* ImageCache.swift in Sources */,
				8ABA364B2DC5889200C93BFC /* TvMazeShowImage.swift in Sources */,
			);
			runOnlyForDeploymentPostprocessing = 0;
		};
		8A9443F32DB1A18C00797DD9 /* Sources */ = {
			isa = PBXSourcesBuildPhase;
			buildActionMask = 2147483647;
			files = (
				8ABF12CD2DD6B6A7005DAE81 /* PersonDetailsViewModelTests.swift in Sources */,
				8AE2E7982DD5267F0019BEDD /* ShowListViewModelTests.swift in Sources */,
				8ABF12CB2DD6B210005DAE81 /* ShowEpisodesViewModelTests.swift in Sources */,
				8AE2E79A2DD593280019BEDD /* ShowDetailsViewModelTests.swift in Sources */,
				8ABF12D52DD6CC6E005DAE81 /* CastViewModelTests.swift in Sources */,
				8ABF12D72DD6CDD8005DAE81 /* ShowImagesViewModelTests.swift in Sources */,
			);
			runOnlyForDeploymentPostprocessing = 0;
		};
		8A9443FD2DB1A18C00797DD9 /* Sources */ = {
			isa = PBXSourcesBuildPhase;
			buildActionMask = 2147483647;
			files = (
				8A9444062DB1A18C00797DD9 /* TvMazeUITests.swift in Sources */,
				8A9444082DB1A18C00797DD9 /* TvMazeUITestsLaunchTests.swift in Sources */,
			);
			runOnlyForDeploymentPostprocessing = 0;
		};
/* End PBXSourcesBuildPhase section */

/* Begin PBXTargetDependency section */
		8A9443F92DB1A18C00797DD9 /* PBXTargetDependency */ = {
			isa = PBXTargetDependency;
			target = 8A9443E42DB1A18B00797DD9 /* TvMaze */;
			targetProxy = 8A9443F82DB1A18C00797DD9 /* PBXContainerItemProxy */;
		};
		8A9444032DB1A18C00797DD9 /* PBXTargetDependency */ = {
			isa = PBXTargetDependency;
			target = 8A9443E42DB1A18B00797DD9 /* TvMaze */;
			targetProxy = 8A9444022DB1A18C00797DD9 /* PBXContainerItemProxy */;
		};
/* End PBXTargetDependency section */

/* Begin XCBuildConfiguration section */
		8A9444092DB1A18C00797DD9 /* Debug */ = {
			isa = XCBuildConfiguration;
			buildSettings = {
				ALWAYS_SEARCH_USER_PATHS = NO;
				ASSETCATALOG_COMPILER_GENERATE_SWIFT_ASSET_SYMBOL_EXTENSIONS = YES;
				CLANG_ANALYZER_NONNULL = YES;
				CLANG_ANALYZER_NUMBER_OBJECT_CONVERSION = YES_AGGRESSIVE;
				CLANG_CXX_LANGUAGE_STANDARD = "gnu++20";
				CLANG_ENABLE_MODULES = YES;
				CLANG_ENABLE_OBJC_ARC = YES;
				CLANG_ENABLE_OBJC_WEAK = YES;
				CLANG_WARN_BLOCK_CAPTURE_AUTORELEASING = YES;
				CLANG_WARN_BOOL_CONVERSION = YES;
				CLANG_WARN_COMMA = YES;
				CLANG_WARN_CONSTANT_CONVERSION = YES;
				CLANG_WARN_DEPRECATED_OBJC_IMPLEMENTATIONS = YES;
				CLANG_WARN_DIRECT_OBJC_ISA_USAGE = YES_ERROR;
				CLANG_WARN_DOCUMENTATION_COMMENTS = YES;
				CLANG_WARN_EMPTY_BODY = YES;
				CLANG_WARN_ENUM_CONVERSION = YES;
				CLANG_WARN_INFINITE_RECURSION = YES;
				CLANG_WARN_INT_CONVERSION = YES;
				CLANG_WARN_NON_LITERAL_NULL_CONVERSION = YES;
				CLANG_WARN_OBJC_IMPLICIT_RETAIN_SELF = YES;
				CLANG_WARN_OBJC_LITERAL_CONVERSION = YES;
				CLANG_WARN_OBJC_ROOT_CLASS = YES_ERROR;
				CLANG_WARN_QUOTED_INCLUDE_IN_FRAMEWORK_HEADER = YES;
				CLANG_WARN_RANGE_LOOP_ANALYSIS = YES;
				CLANG_WARN_STRICT_PROTOTYPES = YES;
				CLANG_WARN_SUSPICIOUS_MOVE = YES;
				CLANG_WARN_UNGUARDED_AVAILABILITY = YES_AGGRESSIVE;
				CLANG_WARN_UNREACHABLE_CODE = YES;
				CLANG_WARN__DUPLICATE_METHOD_MATCH = YES;
				COPY_PHASE_STRIP = NO;
				DEBUG_INFORMATION_FORMAT = dwarf;
				ENABLE_STRICT_OBJC_MSGSEND = YES;
				ENABLE_TESTABILITY = YES;
				ENABLE_USER_SCRIPT_SANDBOXING = YES;
				GCC_C_LANGUAGE_STANDARD = gnu17;
				GCC_DYNAMIC_NO_PIC = NO;
				GCC_NO_COMMON_BLOCKS = YES;
				GCC_OPTIMIZATION_LEVEL = 0;
				GCC_PREPROCESSOR_DEFINITIONS = (
					"DEBUG=1",
					"$(inherited)",
				);
				GCC_WARN_64_TO_32_BIT_CONVERSION = YES;
				GCC_WARN_ABOUT_RETURN_TYPE = YES_ERROR;
				GCC_WARN_UNDECLARED_SELECTOR = YES;
				GCC_WARN_UNINITIALIZED_AUTOS = YES_AGGRESSIVE;
				GCC_WARN_UNUSED_FUNCTION = YES;
				GCC_WARN_UNUSED_VARIABLE = YES;
				IPHONEOS_DEPLOYMENT_TARGET = 17.5;
				LOCALIZATION_PREFERS_STRING_CATALOGS = YES;
				MTL_ENABLE_DEBUG_INFO = INCLUDE_SOURCE;
				MTL_FAST_MATH = YES;
				ONLY_ACTIVE_ARCH = YES;
				SDKROOT = iphoneos;
				SWIFT_ACTIVE_COMPILATION_CONDITIONS = "DEBUG $(inherited)";
				SWIFT_OPTIMIZATION_LEVEL = "-Onone";
			};
			name = Debug;
		};
		8A94440A2DB1A18C00797DD9 /* Release */ = {
			isa = XCBuildConfiguration;
			buildSettings = {
				ALWAYS_SEARCH_USER_PATHS = NO;
				ASSETCATALOG_COMPILER_GENERATE_SWIFT_ASSET_SYMBOL_EXTENSIONS = YES;
				CLANG_ANALYZER_NONNULL = YES;
				CLANG_ANALYZER_NUMBER_OBJECT_CONVERSION = YES_AGGRESSIVE;
				CLANG_CXX_LANGUAGE_STANDARD = "gnu++20";
				CLANG_ENABLE_MODULES = YES;
				CLANG_ENABLE_OBJC_ARC = YES;
				CLANG_ENABLE_OBJC_WEAK = YES;
				CLANG_WARN_BLOCK_CAPTURE_AUTORELEASING = YES;
				CLANG_WARN_BOOL_CONVERSION = YES;
				CLANG_WARN_COMMA = YES;
				CLANG_WARN_CONSTANT_CONVERSION = YES;
				CLANG_WARN_DEPRECATED_OBJC_IMPLEMENTATIONS = YES;
				CLANG_WARN_DIRECT_OBJC_ISA_USAGE = YES_ERROR;
				CLANG_WARN_DOCUMENTATION_COMMENTS = YES;
				CLANG_WARN_EMPTY_BODY = YES;
				CLANG_WARN_ENUM_CONVERSION = YES;
				CLANG_WARN_INFINITE_RECURSION = YES;
				CLANG_WARN_INT_CONVERSION = YES;
				CLANG_WARN_NON_LITERAL_NULL_CONVERSION = YES;
				CLANG_WARN_OBJC_IMPLICIT_RETAIN_SELF = YES;
				CLANG_WARN_OBJC_LITERAL_CONVERSION = YES;
				CLANG_WARN_OBJC_ROOT_CLASS = YES_ERROR;
				CLANG_WARN_QUOTED_INCLUDE_IN_FRAMEWORK_HEADER = YES;
				CLANG_WARN_RANGE_LOOP_ANALYSIS = YES;
				CLANG_WARN_STRICT_PROTOTYPES = YES;
				CLANG_WARN_SUSPICIOUS_MOVE = YES;
				CLANG_WARN_UNGUARDED_AVAILABILITY = YES_AGGRESSIVE;
				CLANG_WARN_UNREACHABLE_CODE = YES;
				CLANG_WARN__DUPLICATE_METHOD_MATCH = YES;
				COPY_PHASE_STRIP = NO;
				DEBUG_INFORMATION_FORMAT = "dwarf-with-dsym";
				ENABLE_NS_ASSERTIONS = NO;
				ENABLE_STRICT_OBJC_MSGSEND = YES;
				ENABLE_USER_SCRIPT_SANDBOXING = YES;
				GCC_C_LANGUAGE_STANDARD = gnu17;
				GCC_NO_COMMON_BLOCKS = YES;
				GCC_WARN_64_TO_32_BIT_CONVERSION = YES;
				GCC_WARN_ABOUT_RETURN_TYPE = YES_ERROR;
				GCC_WARN_UNDECLARED_SELECTOR = YES;
				GCC_WARN_UNINITIALIZED_AUTOS = YES_AGGRESSIVE;
				GCC_WARN_UNUSED_FUNCTION = YES;
				GCC_WARN_UNUSED_VARIABLE = YES;
				IPHONEOS_DEPLOYMENT_TARGET = 17.5;
				LOCALIZATION_PREFERS_STRING_CATALOGS = YES;
				MTL_ENABLE_DEBUG_INFO = NO;
				MTL_FAST_MATH = YES;
				SDKROOT = iphoneos;
				SWIFT_COMPILATION_MODE = wholemodule;
				VALIDATE_PRODUCT = YES;
			};
			name = Release;
		};
		8A94440C2DB1A18C00797DD9 /* Debug */ = {
			isa = XCBuildConfiguration;
			buildSettings = {
				ASSETCATALOG_COMPILER_APPICON_NAME = AppIcon;
				ASSETCATALOG_COMPILER_GLOBAL_ACCENT_COLOR_NAME = AccentColor;
				CODE_SIGN_STYLE = Automatic;
				CURRENT_PROJECT_VERSION = 1;
				DEVELOPMENT_ASSET_PATHS = "\"TvMaze/Preview Content\"";
				DEVELOPMENT_TEAM = 9B334YL85T;
				ENABLE_PREVIEWS = YES;
				GENERATE_INFOPLIST_FILE = YES;
				INFOPLIST_KEY_NSPhotoLibraryAddUsageDescription = "Permission to save Tv Show photos to your library";
				INFOPLIST_KEY_UIApplicationSceneManifest_Generation = YES;
				INFOPLIST_KEY_UIApplicationSupportsIndirectInputEvents = YES;
				INFOPLIST_KEY_UILaunchScreen_Generation = YES;
				INFOPLIST_KEY_UISupportedInterfaceOrientations_iPad = "UIInterfaceOrientationPortrait UIInterfaceOrientationPortraitUpsideDown UIInterfaceOrientationLandscapeLeft UIInterfaceOrientationLandscapeRight";
				INFOPLIST_KEY_UISupportedInterfaceOrientations_iPhone = "UIInterfaceOrientationPortrait UIInterfaceOrientationLandscapeLeft UIInterfaceOrientationLandscapeRight";
				LD_RUNPATH_SEARCH_PATHS = (
					"$(inherited)",
					"@executable_path/Frameworks",
				);
				MARKETING_VERSION = 1.0;
				PRODUCT_BUNDLE_IDENTIFIER = com.automata.TvMaze;
				PRODUCT_NAME = "$(TARGET_NAME)";
				SWIFT_EMIT_LOC_STRINGS = YES;
				SWIFT_VERSION = 5.0;
				TARGETED_DEVICE_FAMILY = "1,2";
			};
			name = Debug;
		};
		8A94440D2DB1A18C00797DD9 /* Release */ = {
			isa = XCBuildConfiguration;
			buildSettings = {
				ASSETCATALOG_COMPILER_APPICON_NAME = AppIcon;
				ASSETCATALOG_COMPILER_GLOBAL_ACCENT_COLOR_NAME = AccentColor;
				CODE_SIGN_STYLE = Automatic;
				CURRENT_PROJECT_VERSION = 1;
				DEVELOPMENT_ASSET_PATHS = "\"TvMaze/Preview Content\"";
				DEVELOPMENT_TEAM = 9B334YL85T;
				ENABLE_PREVIEWS = YES;
				GENERATE_INFOPLIST_FILE = YES;
				INFOPLIST_KEY_NSPhotoLibraryAddUsageDescription = "Permission to save Tv Show photos to your library";
				INFOPLIST_KEY_UIApplicationSceneManifest_Generation = YES;
				INFOPLIST_KEY_UIApplicationSupportsIndirectInputEvents = YES;
				INFOPLIST_KEY_UILaunchScreen_Generation = YES;
				INFOPLIST_KEY_UISupportedInterfaceOrientations_iPad = "UIInterfaceOrientationPortrait UIInterfaceOrientationPortraitUpsideDown UIInterfaceOrientationLandscapeLeft UIInterfaceOrientationLandscapeRight";
				INFOPLIST_KEY_UISupportedInterfaceOrientations_iPhone = "UIInterfaceOrientationPortrait UIInterfaceOrientationLandscapeLeft UIInterfaceOrientationLandscapeRight";
				LD_RUNPATH_SEARCH_PATHS = (
					"$(inherited)",
					"@executable_path/Frameworks",
				);
				MARKETING_VERSION = 1.0;
				PRODUCT_BUNDLE_IDENTIFIER = com.automata.TvMaze;
				PRODUCT_NAME = "$(TARGET_NAME)";
				SWIFT_EMIT_LOC_STRINGS = YES;
				SWIFT_VERSION = 5.0;
				TARGETED_DEVICE_FAMILY = "1,2";
			};
			name = Release;
		};
		8A94440F2DB1A18C00797DD9 /* Debug */ = {
			isa = XCBuildConfiguration;
			buildSettings = {
				ALWAYS_EMBED_SWIFT_STANDARD_LIBRARIES = YES;
				BUNDLE_LOADER = "$(TEST_HOST)";
				CODE_SIGN_STYLE = Automatic;
				CURRENT_PROJECT_VERSION = 1;
				DEVELOPMENT_TEAM = 9B334YL85T;
				GENERATE_INFOPLIST_FILE = YES;
				IPHONEOS_DEPLOYMENT_TARGET = 17.5;
				MARKETING_VERSION = 1.0;
				PRODUCT_BUNDLE_IDENTIFIER = com.automata.TvMazeTests;
				PRODUCT_NAME = "$(TARGET_NAME)";
				SWIFT_EMIT_LOC_STRINGS = NO;
				SWIFT_VERSION = 5.0;
				TARGETED_DEVICE_FAMILY = "1,2";
				TEST_HOST = "$(BUILT_PRODUCTS_DIR)/TvMaze.app/$(BUNDLE_EXECUTABLE_FOLDER_PATH)/TvMaze";
			};
			name = Debug;
		};
		8A9444102DB1A18C00797DD9 /* Release */ = {
			isa = XCBuildConfiguration;
			buildSettings = {
				ALWAYS_EMBED_SWIFT_STANDARD_LIBRARIES = YES;
				BUNDLE_LOADER = "$(TEST_HOST)";
				CODE_SIGN_STYLE = Automatic;
				CURRENT_PROJECT_VERSION = 1;
				DEVELOPMENT_TEAM = 9B334YL85T;
				GENERATE_INFOPLIST_FILE = YES;
				IPHONEOS_DEPLOYMENT_TARGET = 17.5;
				MARKETING_VERSION = 1.0;
				PRODUCT_BUNDLE_IDENTIFIER = com.automata.TvMazeTests;
				PRODUCT_NAME = "$(TARGET_NAME)";
				SWIFT_EMIT_LOC_STRINGS = NO;
				SWIFT_VERSION = 5.0;
				TARGETED_DEVICE_FAMILY = "1,2";
				TEST_HOST = "$(BUILT_PRODUCTS_DIR)/TvMaze.app/$(BUNDLE_EXECUTABLE_FOLDER_PATH)/TvMaze";
			};
			name = Release;
		};
		8A9444122DB1A18C00797DD9 /* Debug */ = {
			isa = XCBuildConfiguration;
			buildSettings = {
				ALWAYS_EMBED_SWIFT_STANDARD_LIBRARIES = YES;
				CODE_SIGN_STYLE = Automatic;
				CURRENT_PROJECT_VERSION = 1;
				DEVELOPMENT_TEAM = 9B334YL85T;
				GENERATE_INFOPLIST_FILE = YES;
				MARKETING_VERSION = 1.0;
				PRODUCT_BUNDLE_IDENTIFIER = com.automata.TvMazeUITests;
				PRODUCT_NAME = "$(TARGET_NAME)";
				SWIFT_EMIT_LOC_STRINGS = NO;
				SWIFT_VERSION = 5.0;
				TARGETED_DEVICE_FAMILY = "1,2";
				TEST_TARGET_NAME = TvMaze;
			};
			name = Debug;
		};
		8A9444132DB1A18C00797DD9 /* Release */ = {
			isa = XCBuildConfiguration;
			buildSettings = {
				ALWAYS_EMBED_SWIFT_STANDARD_LIBRARIES = YES;
				CODE_SIGN_STYLE = Automatic;
				CURRENT_PROJECT_VERSION = 1;
				DEVELOPMENT_TEAM = 9B334YL85T;
				GENERATE_INFOPLIST_FILE = YES;
				MARKETING_VERSION = 1.0;
				PRODUCT_BUNDLE_IDENTIFIER = com.automata.TvMazeUITests;
				PRODUCT_NAME = "$(TARGET_NAME)";
				SWIFT_EMIT_LOC_STRINGS = NO;
				SWIFT_VERSION = 5.0;
				TARGETED_DEVICE_FAMILY = "1,2";
				TEST_TARGET_NAME = TvMaze;
			};
			name = Release;
		};
/* End XCBuildConfiguration section */

/* Begin XCConfigurationList section */
		8A9443E02DB1A18B00797DD9 /* Build configuration list for PBXProject "TvMaze" */ = {
			isa = XCConfigurationList;
			buildConfigurations = (
				8A9444092DB1A18C00797DD9 /* Debug */,
				8A94440A2DB1A18C00797DD9 /* Release */,
			);
			defaultConfigurationIsVisible = 0;
			defaultConfigurationName = Release;
		};
		8A94440B2DB1A18C00797DD9 /* Build configuration list for PBXNativeTarget "TvMaze" */ = {
			isa = XCConfigurationList;
			buildConfigurations = (
				8A94440C2DB1A18C00797DD9 /* Debug */,
				8A94440D2DB1A18C00797DD9 /* Release */,
			);
			defaultConfigurationIsVisible = 0;
			defaultConfigurationName = Release;
		};
		8A94440E2DB1A18C00797DD9 /* Build configuration list for PBXNativeTarget "TvMazeTests" */ = {
			isa = XCConfigurationList;
			buildConfigurations = (
				8A94440F2DB1A18C00797DD9 /* Debug */,
				8A9444102DB1A18C00797DD9 /* Release */,
			);
			defaultConfigurationIsVisible = 0;
			defaultConfigurationName = Release;
		};
		8A9444112DB1A18C00797DD9 /* Build configuration list for PBXNativeTarget "TvMazeUITests" */ = {
			isa = XCConfigurationList;
			buildConfigurations = (
				8A9444122DB1A18C00797DD9 /* Debug */,
				8A9444132DB1A18C00797DD9 /* Release */,
			);
			defaultConfigurationIsVisible = 0;
			defaultConfigurationName = Release;
		};
/* End XCConfigurationList section */
	};
	rootObject = 8A9443DD2DB1A18B00797DD9 /* Project object */;
}
